
Microsoft Visual Studio Solution File, Format Version 12.00
# Visual Studio Version 17
VisualStudioVersion = 17.9.34728.123
MinimumVisualStudioVersion = 10.0.40219.1
Project("{9A19103F-16F7-4668-BE54-9A1E7A4F7556}") = "Structure", "Structure.csproj", "{2234F684-7DD3-4541-98CD-EE3A32FEF554}"
EndProject
Project("{9A19103F-16F7-4668-BE54-9A1E7A4F7556}") = "Middleware", "..\Middleware\Middleware.csproj", "{5BA53763-B9C5-4D78-87E6-0C1C8578888F}"
EndProject
Project("{FAE04EC0-301F-11D3-BF4B-00C04F79EFBC}") = "Routing", "..\Routing\Routing.csproj", "{0BCA8816-138F-45A7-9E61-3FC31EABFBD2}"
EndProject
Project("{FAE04EC0-301F-11D3-BF4B-00C04F79EFBC}") = "StaticFiles", "..\StaticFiles\StaticFiles.csproj", "{278E3008-4E8D-41FD-B3EF-6F41FCCBFC45}"
EndProject
Global
	GlobalSection(SolutionConfigurationPlatforms) = preSolution
		Debug|Any CPU = Debug|Any CPU
		Release|Any CPU = Release|Any CPU
	EndGlobalSection
	GlobalSection(ProjectConfigurationPlatforms) = postSolution
		{2234F684-7DD3-4541-98CD-EE3A32FEF554}.Debug|Any CPU.ActiveCfg = Debug|Any CPU
		{2234F684-7DD3-4541-98CD-EE3A32FEF554}.Debug|Any CPU.Build.0 = Debug|Any CPU
		{2234F684-7DD3-4541-98CD-EE3A32FEF554}.Release|Any CPU.ActiveCfg = Release|Any CPU
		{2234F684-7DD3-4541-98CD-EE3A32FEF554}.Release|Any CPU.Build.0 = Release|Any CPU
		{5BA53763-B9C5-4D78-87E6-0C1C8578888F}.Debug|Any CPU.ActiveCfg = Debug|Any CPU
		{5BA53763-B9C5-4D78-87E6-0C1C8578888F}.Debug|Any CPU.Build.0 = Debug|Any CPU
		{5BA53763-B9C5-4D78-87E6-0C1C8578888F}.Release|Any CPU.ActiveCfg = Release|Any CPU
		{5BA53763-B9C5-4D78-87E6-0C1C8578888F}.Release|Any CPU.Build.0 = Release|Any CPU
		{0BCA8816-138F-45A7-9E61-3FC31EABFBD2}.Debug|Any CPU.ActiveCfg = Debug|Any CPU
		{0BCA8816-138F-45A7-9E61-3FC31EABFBD2}.Debug|Any CPU.Build.0 = Debug|Any CPU
		{0BCA8816-138F-45A7-9E61-3FC31EABFBD2}.Release|Any CPU.ActiveCfg = Release|Any CPU
		{0BCA8816-138F-45A7-9E61-3FC31EABFBD2}.Release|Any CPU.Build.0 = Release|Any CPU
		{278E3008-4E8D-41FD-B3EF-6F41FCCBFC45}.Debug|Any CPU.ActiveCfg = Debug|Any CPU
		{278E3008-4E8D-41FD-B3EF-6F41FCCBFC45}.Debug|Any CPU.Build.0 = Debug|Any CPU
		{278E3008-4E8D-41FD-B3EF-6F41FCCBFC45}.Release|Any CPU.ActiveCfg = Release|Any CPU
		{278E3008-4E8D-41FD-B3EF-6F41FCCBFC45}.Release|Any CPU.Build.0 = Release|Any CPU
	EndGlobalSection
	GlobalSection(SolutionProperties) = preSolution
		HideSolutionNode = FALSE
	EndGlobalSection
	GlobalSection(ExtensibilityGlobals) = postSolution
		SolutionGuid = {0F5C1397-B16B-4C02-81A9-C2330F5AF413}
	EndGlobalSection
EndGlobal
